
Microsoft Visual Studio Solution File, Format Version 12.00
# Visual Studio Version 16
VisualStudioVersion = 16.0.31424.327
MinimumVisualStudioVersion = 10.0.40219.1
Project("{9A19103F-16F7-4668-BE54-9A1E7A4F7556}") = "IdentityServerHost", "IdentityServerHost.csproj", "{0E6B41C0-47C3-45A4-A2AB-40B99E0C8F85}"
EndProject
Global
	GlobalSection(SolutionConfigurationPlatforms) = preSolution
		Debug|Any CPU = Debug|Any CPU
		Release|Any CPU = Release|Any CPU
	EndGlobalSection
	GlobalSection(ProjectConfigurationPlatforms) = postSolution
		{0E6B41C0-47C3-45A4-A2AB-40B99E0C8F85}.Debug|Any CPU.ActiveCfg = Debug|Any CPU
		{0E6B41C0-47C3-45A4-A2AB-40B99E0C8F85}.Debug|Any CPU.Build.0 = Debug|Any CPU
		{0E6B41C0-47C3-45A4-A2AB-40B99E0C8F85}.Release|Any CPU.ActiveCfg = Release|Any CPU
		{0E6B41C0-47C3-45A4-A2AB-40B99E0C8F85}.Release|Any CPU.Build.0 = Release|Any CPU
	EndGlobalSection
	GlobalSection(SolutionProperties) = preSolution
		HideSolutionNode = FALSE
	EndGlobalSection
	GlobalSection(ExtensibilityGlobals) = postSolution
		SolutionGuid = {7DC17D0D-EDC6-43BC-92C4-49C2848A2F6E}
	EndGlobalSection
EndGlobal
